
Microsoft Visual Studio Solution File, Format Version 12.00
# Visual Studio Version 16
VisualStudioVersion = 16.0.29306.81
MinimumVisualStudioVersion = 10.0.40219.1
Project("{FAE04EC0-301F-11D3-BF4B-00C04F79EFBC}") = "PrimerParcial", "PrimerParcial\PrimerParcial.csproj", "{C10FDB91-2A49-4843-9799-87B99822D605}"
EndProject
Project("{FAE04EC0-301F-11D3-BF4B-00C04F79EFBC}") = "PrimerParcial.Tests", "PrimerParcial.Tests\PrimerParcial.Tests.csproj", "{3A44B7B7-7F02-40D1-833D-A7E85D730CC7}"
EndProject
Global
	GlobalSection(SolutionConfigurationPlatforms) = preSolution
		Debug|Any CPU = Debug|Any CPU
		Release|Any CPU = Release|Any CPU
	EndGlobalSection
	GlobalSection(ProjectConfigurationPlatforms) = postSolution
		{C10FDB91-2A49-4843-9799-87B99822D605}.Debug|Any CPU.ActiveCfg = Debug|Any CPU
		{C10FDB91-2A49-4843-9799-87B99822D605}.Debug|Any CPU.Build.0 = Debug|Any CPU
		{C10FDB91-2A49-4843-9799-87B99822D605}.Release|Any CPU.ActiveCfg = Release|Any CPU
		{C10FDB91-2A49-4843-9799-87B99822D605}.Release|Any CPU.Build.0 = Release|Any CPU
		{3A44B7B7-7F02-40D1-833D-A7E85D730CC7}.Debug|Any CPU.ActiveCfg = Debug|Any CPU
		{3A44B7B7-7F02-40D1-833D-A7E85D730CC7}.Debug|Any CPU.Build.0 = Debug|Any CPU
		{3A44B7B7-7F02-40D1-833D-A7E85D730CC7}.Release|Any CPU.ActiveCfg = Release|Any CPU
		{3A44B7B7-7F02-40D1-833D-A7E85D730CC7}.Release|Any CPU.Build.0 = Release|Any CPU
	EndGlobalSection
	GlobalSection(SolutionProperties) = preSolution
		HideSolutionNode = FALSE
	EndGlobalSection
	GlobalSection(ExtensibilityGlobals) = postSolution
		SolutionGuid = {CEADC231-B8EE-4113-8B91-C77FA9E7F06C}
	EndGlobalSection
EndGlobal
